{
    "_readme": [
        "This file locks the dependencies of your project to a known state",
        "Read more about it at http://getcomposer.org/doc/01-basic-usage.md#composer-lock-the-lock-file"
    ],
    "hash": "515e9432196b91ee6ccd6610cf532486",
    "packages": [
        {
            "name": "robvanaarle/ultimo-acl",
            "version": "dev-master",
            "source": {
                "type": "git",
                "url": "https://github.com/robvanaarle/ultimo-acl.git",
                "reference": "9408695ac2dbb9f115fbf456f5320f0cdd3a5061"
            },
            "dist": {
                "type": "zip",
                "url": "https://api.github.com/repos/robvanaarle/ultimo-acl/zipball/9408695ac2dbb9f115fbf456f5320f0cdd3a5061",
                "reference": "9408695ac2dbb9f115fbf456f5320f0cdd3a5061",
                "shasum": ""
            },
            "require-dev": {
                "phpunit/phpunit": "3.7.*"
            },
            "type": "library",
            "autoload": {
                "psr-4": {
                    "ultimo\\": "src/ultimo/"
                }
            },
            "license": [
                "BSD-3-Clause"
            ],
            "authors": [
                {
                    "name": "Rob van Aarle"
                }
            ],
            "description": "Simple access control list",
            "keywords": [
                "access",
                "acl",
                "privilege",
                "role",
                "security"
            ],
            "support": {
                "source": "https://github.com/robvanaarle/ultimo-acl/tree/master",
                "issues": "https://github.com/robvanaarle/ultimo-acl/issues"
            },
            "time": "2014-02-22 10:51:13"
        },
        {
            "name": "robvanaarle/ultimo-acl-mvc",
            "version": "dev-master",
            "source": {
                "type": "git",
                "url": "https://github.com/robvanaarle/ultimo-acl-mvc.git",
                "reference": "5b5bc7f439c5a9c32442a2b05037caefa4d1c9e8"
            },
            "dist": {
                "type": "zip",
                "url": "https://api.github.com/repos/robvanaarle/ultimo-acl-mvc/zipball/5b5bc7f439c5a9c32442a2b05037caefa4d1c9e8",
                "reference": "5b5bc7f439c5a9c32442a2b05037caefa4d1c9e8",
                "shasum": ""
            },
            "require": {
                "robvanaarle/ultimo-acl": "dev-master",
                "robvanaarle/ultimo-mvc": "dev-master",
                "robvanaarle/ultimo-phptpl-mvc": "dev-master",
                "robvanaarle/ultimo-session": "dev-master"
            },
            "type": "library",
            "autoload": {
                "psr-4": {
                    "ultimo\\": "src/ultimo/"
                }
            },
            "license": [
                "BSD-3-Clause"
            ],
            "authors": [
                {
                    "name": "Rob van Aarle"
                }
            ],
            "description": "Access control list for Ultimo MVC",
            "keywords": [
                "UltimoMVC",
                "access",
                "acl",
                "privilege",
                "role",
                "security"
            ],
            "support": {
                "source": "https://github.com/robvanaarle/ultimo-acl-mvc/tree/master",
                "issues": "https://github.com/robvanaarle/ultimo-acl-mvc/issues"
            },
            "time": "2014-02-20 15:15:14"
        },
        {
            "name": "robvanaarle/ultimo-config",
            "version": "dev-master",
            "source": {
                "type": "git",
                "url": "https://github.com/robvanaarle/ultimo-config.git",
                "reference": "c944ac21c5ef82664d25ff96460e0537f360c7d9"
            },
            "dist": {
                "type": "zip",
                "url": "https://api.github.com/repos/robvanaarle/ultimo-config/zipball/c944ac21c5ef82664d25ff96460e0537f360c7d9",
                "reference": "c944ac21c5ef82664d25ff96460e0537f360c7d9",
                "shasum": ""
            },
            "type": "library",
            "autoload": {
                "psr-4": {
                    "ultimo\\": "src/ultimo/"
                }
            },
            "license": [
                "BSD-3-Clause"
            ],
            "authors": [
                {
                    "name": "Rob van Aarle"
                }
            ],
            "description": "Small lightweight configuration library",
            "keywords": [
                "config",
                "ini"
            ],
            "support": {
                "source": "https://github.com/robvanaarle/ultimo-config/tree/master",
                "issues": "https://github.com/robvanaarle/ultimo-config/issues"
            },
            "time": "2014-02-19 16:35:38"
        },
        {
            "name": "robvanaarle/ultimo-config-mvc",
            "version": "dev-master",
            "source": {
                "type": "git",
                "url": "https://github.com/robvanaarle/ultimo-config-mvc.git",
                "reference": "94aa2a0ce70bc8f884d2753ed1205d06d165caea"
            },
            "dist": {
                "type": "zip",
                "url": "https://api.github.com/repos/robvanaarle/ultimo-config-mvc/zipball/94aa2a0ce70bc8f884d2753ed1205d06d165caea",
                "reference": "94aa2a0ce70bc8f884d2753ed1205d06d165caea",
                "shasum": ""
            },
            "require": {
                "robvanaarle/ultimo-config": "dev-master",
                "robvanaarle/ultimo-mvc": "dev-master"
            },
            "type": "library",
            "autoload": {
                "psr-4": {
                    "ultimo\\": "src/ultimo/"
                }
            },
            "license": [
                "BSD-3-Clause"
            ],
            "authors": [
                {
                    "name": "Rob van Aarle"
                }
            ],
            "description": "Module file configurations for Ultimo MVC.",
            "keywords": [
                "Module",
                "UltimoMVC",
                "config"
            ],
            "support": {
                "source": "https://github.com/robvanaarle/ultimo-config-mvc/tree/master",
                "issues": "https://github.com/robvanaarle/ultimo-config-mvc/issues"
            },
            "time": "2014-02-19 16:36:58"
        },
        {
            "name": "robvanaarle/ultimo-css",
            "version": "dev-master",
            "source": {
                "type": "git",
                "url": "https://github.com/robvanaarle/ultimo-css.git",
                "reference": "a871f39fd7ffb09d6a49ea78f4de87339f5ca0e2"
            },
            "dist": {
                "type": "zip",
                "url": "https://api.github.com/repos/robvanaarle/ultimo-css/zipball/a871f39fd7ffb09d6a49ea78f4de87339f5ca0e2",
                "reference": "a871f39fd7ffb09d6a49ea78f4de87339f5ca0e2",
                "shasum": ""
            },
            "type": "library",
            "autoload": {
                "psr-4": {
                    "ultimo\\": "src/ultimo/"
                }
            },
            "license": [
                "BSD-3-Clause"
            ],
            "authors": [
                {
                    "name": "Rob van Aarle"
                }
            ],
            "description": "OO CSS helpers",
            "keywords": [
                "css"
            ],
            "support": {
                "source": "https://github.com/robvanaarle/ultimo-css/tree/master",
                "issues": "https://github.com/robvanaarle/ultimo-css/issues"
            },
            "time": "2014-02-19 19:42:11"
        },
        {
            "name": "robvanaarle/ultimo-error",
            "version": "dev-master",
            "source": {
                "type": "git",
                "url": "https://github.com/robvanaarle/ultimo-error.git",
                "reference": "e7f8b7bfcecdfc2e4c8bf640719453f0fa4e1037"
            },
            "dist": {
                "type": "zip",
                "url": "https://api.github.com/repos/robvanaarle/ultimo-error/zipball/e7f8b7bfcecdfc2e4c8bf640719453f0fa4e1037",
                "reference": "e7f8b7bfcecdfc2e4c8bf640719453f0fa4e1037",
                "shasum": ""
            },
            "type": "library",
            "autoload": {
                "psr-4": {
                    "ultimo\\": "src/ultimo/"
                }
            },
            "license": [
                "BSD-3-Clause"
            ],
            "authors": [
                {
                    "name": "Rob van Aarle"
                }
            ],
            "description": "Extensive error and exception catcher",
            "keywords": [
                "catcher",
                "error",
                "exception"
            ],
            "support": {
                "source": "https://github.com/robvanaarle/ultimo-error/tree/master",
                "issues": "https://github.com/robvanaarle/ultimo-error/issues"
            },
            "time": "2014-02-19 16:43:03"
        },
        {
            "name": "robvanaarle/ultimo-form",
            "version": "dev-master",
            "source": {
                "type": "git",
                "url": "https://github.com/robvanaarle/ultimo-form.git",
                "reference": "fda24ead628d7ffc3e59d03c101bdd4349dfd69c"
            },
            "dist": {
                "type": "zip",
                "url": "https://api.github.com/repos/robvanaarle/ultimo-form/zipball/fda24ead628d7ffc3e59d03c101bdd4349dfd69c",
                "reference": "fda24ead628d7ffc3e59d03c101bdd4349dfd69c",
                "shasum": ""
            },
            "require": {
                "robvanaarle/ultimo-validation": "dev-master"
            },
            "type": "library",
            "autoload": {
                "psr-4": {
                    "ultimo\\": "src/ultimo/"
                }
            },
            "license": [
                "BSD-3-Clause"
            ],
            "authors": [
                {
                    "name": "Rob van Aarle"
                }
            ],
            "description": "Simple HTTP form handling",
            "keywords": [
                "form",
                "http",
                "validation"
            ],
            "support": {
                "source": "https://github.com/robvanaarle/ultimo-form/tree/master",
                "issues": "https://github.com/robvanaarle/ultimo-form/issues"
            },
            "time": "2014-02-19 17:03:25"
        },
        {
            "name": "robvanaarle/ultimo-form-mvc",
            "version": "dev-master",
            "source": {
                "type": "git",
                "url": "https://github.com/robvanaarle/ultimo-form-mvc.git",
                "reference": "b40284fb1d75612269d04c9e02b3f3b84bfa24c3"
            },
            "dist": {
                "type": "zip",
                "url": "https://api.github.com/repos/robvanaarle/ultimo-form-mvc/zipball/b40284fb1d75612269d04c9e02b3f3b84bfa24c3",
                "reference": "b40284fb1d75612269d04c9e02b3f3b84bfa24c3",
                "shasum": ""
            },
            "require": {
                "robvanaarle/ultimo-form": "dev-master"
            },
            "type": "library",
            "autoload": {
                "psr-4": {
                    "ultimo\\": "src/ultimo/"
                }
            },
            "license": [
                "BSD-3-Clause"
            ],
            "authors": [
                {
                    "name": "Rob van Aarle"
                }
            ],
            "description": "Form handling for Ultimo MVC",
            "keywords": [
                "UltimoMVC",
                "form",
                "http"
            ],
            "support": {
                "source": "https://github.com/robvanaarle/ultimo-form-mvc/tree/master",
                "issues": "https://github.com/robvanaarle/ultimo-form-mvc/issues"
            },
            "time": "2014-02-19 17:04:17"
        },
        {
            "name": "robvanaarle/ultimo-html",
            "version": "dev-master",
            "source": {
                "type": "git",
                "url": "https://github.com/robvanaarle/ultimo-html.git",
                "reference": "9a1e39c1fefacafec7254f478719e026778a1e54"
            },
            "dist": {
                "type": "zip",
                "url": "https://api.github.com/repos/robvanaarle/ultimo-html/zipball/9a1e39c1fefacafec7254f478719e026778a1e54",
                "reference": "9a1e39c1fefacafec7254f478719e026778a1e54",
                "shasum": ""
            },
            "type": "library",
            "autoload": {
                "psr-4": {
                    "ultimo\\": "src/ultimo/"
                }
            },
            "license": [
                "BSD-3-Clause"
            ],
            "authors": [
                {
                    "name": "Rob van Aarle"
                }
            ],
            "description": "OO HTML tags",
            "keywords": [
                "html",
                "tag"
            ],
            "support": {
                "source": "https://github.com/robvanaarle/ultimo-html/tree/master",
                "issues": "https://github.com/robvanaarle/ultimo-html/issues"
            },
            "time": "2014-02-19 19:42:56"
        },
        {
            "name": "robvanaarle/ultimo-http",
            "version": "dev-master",
            "source": {
                "type": "git",
                "url": "https://github.com/robvanaarle/ultimo-http.git",
                "reference": "33fcfb0afac3036cc39916690de0e0e639596ea3"
            },
            "dist": {
                "type": "zip",
                "url": "https://api.github.com/repos/robvanaarle/ultimo-http/zipball/33fcfb0afac3036cc39916690de0e0e639596ea3",
                "reference": "33fcfb0afac3036cc39916690de0e0e639596ea3",
                "shasum": ""
            },
            "type": "library",
            "autoload": {
                "psr-4": {
                    "ultimo\\": "src/ultimo/"
                }
            },
            "license": [
                "BSD-3-Clause"
            ],
            "authors": [
                {
                    "name": "Rob van Aarle"
                }
            ],
            "description": "HTTP library",
            "keywords": [
                "HTTP",
                "SAPI"
            ],
            "support": {
                "source": "https://github.com/robvanaarle/ultimo-http/tree/master",
                "issues": "https://github.com/robvanaarle/ultimo-http/issues"
            },
            "time": "2014-02-19 17:21:56"
        },
        {
            "name": "robvanaarle/ultimo-locale",
            "version": "dev-master",
            "source": {
                "type": "git",
                "url": "https://github.com/robvanaarle/ultimo-locale.git",
                "reference": "e300ab2e57727acbc68ec9c7b5620c3664042e01"
            },
            "dist": {
                "type": "zip",
                "url": "https://api.github.com/repos/robvanaarle/ultimo-locale/zipball/e300ab2e57727acbc68ec9c7b5620c3664042e01",
                "reference": "e300ab2e57727acbc68ec9c7b5620c3664042e01",
                "shasum": ""
            },
            "type": "library",
            "autoload": {
                "psr-4": {
                    "ultimo\\": "src/ultimo/"
                }
            },
            "license": [
                "BSD-3-Clause"
            ],
            "authors": [
                {
                    "name": "Rob van Aarle"
                }
            ],
            "description": "Locale formatting library",
            "keywords": [
                "format",
                "locale"
            ],
            "support": {
                "source": "https://github.com/robvanaarle/ultimo-locale/tree/master",
                "issues": "https://github.com/robvanaarle/ultimo-locale/issues"
            },
            "time": "2014-02-20 15:18:55"
        },
        {
            "name": "robvanaarle/ultimo-locale-mvc",
            "version": "dev-master",
            "source": {
                "type": "git",
                "url": "https://github.com/robvanaarle/ultimo-locale-mvc.git",
                "reference": "89d01034f1d8aa77700eaffa2003fc52073a1204"
            },
            "dist": {
                "type": "zip",
                "url": "https://api.github.com/repos/robvanaarle/ultimo-locale-mvc/zipball/89d01034f1d8aa77700eaffa2003fc52073a1204",
                "reference": "89d01034f1d8aa77700eaffa2003fc52073a1204",
                "shasum": ""
            },
            "require": {
                "robvanaarle/ultimo-locale": "dev-master",
                "robvanaarle/ultimo-mvc": "dev-master",
                "robvanaarle/ultimo-phptpl": "dev-master",
                "robvanaarle/ultimo-session": "dev-master"
            },
            "type": "library",
            "autoload": {
                "psr-4": {
                    "ultimo\\": "src/ultimo/"
                }
            },
            "license": [
                "BSD-3-Clause"
            ],
            "authors": [
                {
                    "name": "Rob van Aarle"
                }
            ],
            "description": "Locale formatting for Ultimo MVC",
            "keywords": [
                "UltimoMVC",
                "format",
                "locale"
            ],
            "support": {
                "source": "https://github.com/robvanaarle/ultimo-locale-mvc/tree/master",
                "issues": "https://github.com/robvanaarle/ultimo-locale-mvc/issues"
            },
            "time": "2014-02-20 15:20:54"
        },
        {
            "name": "robvanaarle/ultimo-mvc",
            "version": "dev-master",
            "source": {
                "type": "git",
                "url": "https://github.com/robvanaarle/ultimo-mvc.git",
                "reference": "bd1a626bade57b4880f42677937bb5f9350662c8"
            },
            "dist": {
                "type": "zip",
                "url": "https://api.github.com/repos/robvanaarle/ultimo-mvc/zipball/bd1a626bade57b4880f42677937bb5f9350662c8",
                "reference": "bd1a626bade57b4880f42677937bb5f9350662c8",
                "shasum": ""
            },
            "require": {
                "robvanaarle/ultimo-http": "dev-master",
                "robvanaarle/ultimo-phptpl-mvc": "dev-master"
            },
            "type": "library",
            "autoload": {
                "psr-4": {
                    "ultimo\\": "src/ultimo/"
                }
            },
            "license": [
                "BSD-3-Clause"
            ],
            "authors": [
                {
                    "name": "Rob van Aarle"
                }
            ],
            "description": "MVC framework",
            "keywords": [
                "inheritance",
                "mvc"
            ],
            "support": {
                "source": "https://github.com/robvanaarle/ultimo-mvc/tree/master",
                "issues": "https://github.com/robvanaarle/ultimo-mvc/issues"
            },
            "time": "2014-02-20 19:47:47"
        },
        {
            "name": "robvanaarle/ultimo-orm",
            "version": "dev-master",
            "source": {
                "type": "git",
                "url": "https://github.com/robvanaarle/ultimo-orm.git",
                "reference": "430eac6024345de1db1c8a4b8678e7a2bf62c929"
            },
            "dist": {
                "type": "zip",
                "url": "https://api.github.com/repos/robvanaarle/ultimo-orm/zipball/430eac6024345de1db1c8a4b8678e7a2bf62c929",
                "reference": "430eac6024345de1db1c8a4b8678e7a2bf62c929",
                "shasum": ""
            },
            "type": "library",
            "autoload": {
                "psr-4": {
                    "ultimo\\": "src/ultimo/"
                }
            },
            "license": [
                "BSD-3-Clause"
            ],
            "authors": [
                {
                    "name": "Rob van Aarle"
                }
            ],
            "description": "Object relational mapper",
            "keywords": [
                "lightweight",
                "orm"
            ],
            "support": {
                "source": "https://github.com/robvanaarle/ultimo-orm/tree/master",
                "issues": "https://github.com/robvanaarle/ultimo-orm/issues"
            },
            "time": "2014-02-20 16:47:33"
        },
        {
            "name": "robvanaarle/ultimo-orm-mvc",
            "version": "dev-master",
            "source": {
                "type": "git",
                "url": "https://github.com/robvanaarle/ultimo-orm-mvc.git",
                "reference": "811737c7b7db6699a616f6dfb0399383a1af2a13"
            },
            "dist": {
                "type": "zip",
                "url": "https://api.github.com/repos/robvanaarle/ultimo-orm-mvc/zipball/811737c7b7db6699a616f6dfb0399383a1af2a13",
                "reference": "811737c7b7db6699a616f6dfb0399383a1af2a13",
                "shasum": ""
            },
            "require": {
                "robvanaarle/ultimo-config-mvc": "dev-master",
                "robvanaarle/ultimo-mvc": "dev-master",
                "robvanaarle/ultimo-orm": "dev-master"
            },
            "type": "library",
            "autoload": {
                "psr-4": {
                    "ultimo\\": "src/ultimo/"
                }
            },
            "license": [
                "BSD-3-Clause"
            ],
            "authors": [
                {
                    "name": "Rob van Aarle"
                }
            ],
            "description": "Object relational mapper for Ultimo MVC",
            "keywords": [
                "UltimoMVC",
                "orm"
            ],
            "support": {
                "source": "https://github.com/robvanaarle/ultimo-orm-mvc/tree/master",
                "issues": "https://github.com/robvanaarle/ultimo-orm-mvc/issues"
            },
            "time": "2014-02-19 21:00:03"
        },
        {
            "name": "robvanaarle/ultimo-phptpl",
            "version": "dev-master",
            "source": {
                "type": "git",
                "url": "https://github.com/robvanaarle/ultimo-phptpl.git",
                "reference": "9dbc27e20ceab120c334c24a9129cd62f2ffca96"
            },
            "dist": {
                "type": "zip",
                "url": "https://api.github.com/repos/robvanaarle/ultimo-phptpl/zipball/9dbc27e20ceab120c334c24a9129cd62f2ffca96",
                "reference": "9dbc27e20ceab120c334c24a9129cd62f2ffca96",
                "shasum": ""
            },
            "require": {
                "robvanaarle/ultimo-css": "dev-master",
                "robvanaarle/ultimo-html": "dev-master"
            },
            "suggest": {
                "robvanaarle/ultimo-filemtimecache": "Allows the use of the HeadTagFileCache helper decorators",
                "robvanaarle/ultimo-slug": "Allows the use of the Slugify helper"
            },
            "type": "library",
            "autoload": {
                "psr-4": {
                    "ultimo\\": "src/ultimo/"
                }
            },
            "license": [
                "BSD-3-Clause"
            ],
            "authors": [
                {
                    "name": "Rob van Aarle"
                }
            ],
            "description": "Template engine in PHP",
            "keywords": [
                "php",
                "template"
            ],
            "support": {
                "source": "https://github.com/robvanaarle/ultimo-phptpl/tree/master",
                "issues": "https://github.com/robvanaarle/ultimo-phptpl/issues"
            },
            "time": "2014-02-20 16:24:25"
        },
        {
            "name": "robvanaarle/ultimo-phptpl-mvc",
            "version": "dev-master",
            "source": {
                "type": "git",
                "url": "https://github.com/robvanaarle/ultimo-phptpl-mvc.git",
                "reference": "32d1d9450a1b02982b6393f7b74e0a0292ec2e91"
            },
            "dist": {
                "type": "zip",
                "url": "https://api.github.com/repos/robvanaarle/ultimo-phptpl-mvc/zipball/32d1d9450a1b02982b6393f7b74e0a0292ec2e91",
                "reference": "32d1d9450a1b02982b6393f7b74e0a0292ec2e91",
                "shasum": ""
            },
            "require": {
                "robvanaarle/ultimo-mvc": "dev-master",
                "robvanaarle/ultimo-phptpl": "dev-master"
            },
            "type": "library",
            "autoload": {
                "psr-4": {
                    "ultimo\\": "src/ultimo/"
                }
            },
            "license": [
                "BSD-3-Clause"
            ],
            "authors": [
                {
                    "name": "Rob van Aarle"
                }
            ],
            "description": "Template engine in PHP for Ultimo MVC",
            "keywords": [
                "UltimoMvc",
                "phptpl"
            ],
            "support": {
                "source": "https://github.com/robvanaarle/ultimo-phptpl-mvc/tree/master",
                "issues": "https://github.com/robvanaarle/ultimo-phptpl-mvc/issues"
            },
            "time": "2014-02-19 20:16:10"
        },
        {
            "name": "robvanaarle/ultimo-session",
            "version": "dev-master",
            "source": {
                "type": "git",
                "url": "https://github.com/robvanaarle/ultimo-session.git",
                "reference": "dc11b10a3912c00ee1d95937ac29e715dfe7620b"
            },
            "dist": {
                "type": "zip",
                "url": "https://api.github.com/repos/robvanaarle/ultimo-session/zipball/dc11b10a3912c00ee1d95937ac29e715dfe7620b",
                "reference": "dc11b10a3912c00ee1d95937ac29e715dfe7620b",
                "shasum": ""
            },
            "type": "library",
            "autoload": {
                "psr-4": {
                    "ultimo\\": "src/ultimo/"
                }
            },
            "license": [
                "BSD-3-Clause"
            ],
            "authors": [
                {
                    "name": "Rob van Aarle"
                }
            ],
            "description": "Extensible custom session handling and modular session storage",
            "keywords": [
                "custom",
                "modular",
                "session"
            ],
            "support": {
                "source": "https://github.com/robvanaarle/ultimo-session/tree/master",
                "issues": "https://github.com/robvanaarle/ultimo-session/issues"
            },
            "time": "2014-02-20 15:21:52"
        },
        {
            "name": "robvanaarle/ultimo-session-mvc",
            "version": "dev-master",
            "source": {
                "type": "git",
                "url": "https://github.com/robvanaarle/ultimo-session-mvc.git",
                "reference": "02560698ce0a19ffd9d349d8b46af3e6d080f792"
            },
            "dist": {
                "type": "zip",
                "url": "https://api.github.com/repos/robvanaarle/ultimo-session-mvc/zipball/02560698ce0a19ffd9d349d8b46af3e6d080f792",
                "reference": "02560698ce0a19ffd9d349d8b46af3e6d080f792",
                "shasum": ""
            },
            "require": {
                "robvanaarle/ultimo-mvc": "dev-master",
                "robvanaarle/ultimo-session": "dev-master"
            },
            "type": "library",
            "autoload": {
                "psr-4": {
                    "ultimo\\": "src/ultimo/"
                }
            },
            "license": [
                "BSD-3-Clause"
            ],
            "authors": [
                {
                    "name": "Rob van Aarle"
                }
            ],
            "description": "Easy integration for custom session handling in Ultimo MVC",
            "keywords": [
                "UltimoMVC",
                "custom",
                "session"
            ],
            "support": {
                "source": "https://github.com/robvanaarle/ultimo-session-mvc/tree/master",
                "issues": "https://github.com/robvanaarle/ultimo-session-mvc/issues"
            },
            "time": "2014-02-20 15:23:02"
        },
        {
            "name": "robvanaarle/ultimo-translate",
            "version": "dev-master",
            "source": {
                "type": "git",
                "url": "https://github.com/robvanaarle/ultimo-translate.git",
                "reference": "2be90e26ed8a291866e1627faa438069240ffcef"
            },
            "dist": {
                "type": "zip",
                "url": "https://api.github.com/repos/robvanaarle/ultimo-translate/zipball/2be90e26ed8a291866e1627faa438069240ffcef",
                "reference": "2be90e26ed8a291866e1627faa438069240ffcef",
                "shasum": ""
            },
            "type": "library",
            "autoload": {
                "psr-4": {
                    "ultimo\\": "src/ultimo/"
                }
            },
            "license": [
                "BSD-3-Clause"
            ],
            "authors": [
                {
                    "name": "Rob van Aarle"
                }
            ],
            "description": "Extensible translation library",
            "keywords": [
                "file",
                "ini",
                "translation"
            ],
            "support": {
                "source": "https://github.com/robvanaarle/ultimo-translate/tree/master",
                "issues": "https://github.com/robvanaarle/ultimo-translate/issues"
            },
            "time": "2014-02-20 15:25:19"
        },
        {
            "name": "robvanaarle/ultimo-translate-mvc",
            "version": "dev-master",
            "source": {
                "type": "git",
                "url": "https://github.com/robvanaarle/ultimo-translate-mvc.git",
                "reference": "cf78c41bcd3264fe8a882006a8a944959553cf70"
            },
            "dist": {
                "type": "zip",
                "url": "https://api.github.com/repos/robvanaarle/ultimo-translate-mvc/zipball/cf78c41bcd3264fe8a882006a8a944959553cf70",
                "reference": "cf78c41bcd3264fe8a882006a8a944959553cf70",
                "shasum": ""
            },
            "require": {
                "robvanaarle/ultimo-mvc": "dev-master",
                "robvanaarle/ultimo-phptpl-mvc": "dev-master",
                "robvanaarle/ultimo-session": "dev-master",
                "robvanaarle/ultimo-translate": "dev-master"
            },
            "type": "library",
            "autoload": {
                "psr-4": {
                    "ultimo\\": "src/ultimo/"
                }
            },
            "license": [
                "BSD-3-Clause"
            ],
            "authors": [
                {
                    "name": "Rob van Aarle"
                }
            ],
            "description": "Translations for Ultimo MVC",
            "keywords": [
                "UltimoMVC",
                "translate"
            ],
            "support": {
                "source": "https://github.com/robvanaarle/ultimo-translate-mvc/tree/master",
                "issues": "https://github.com/robvanaarle/ultimo-translate-mvc/issues"
            },
            "time": "2014-02-20 16:34:40"
        },
        {
            "name": "robvanaarle/ultimo-validation",
            "version": "dev-master",
            "source": {
                "type": "git",
                "url": "https://github.com/robvanaarle/ultimo-validation.git",
                "reference": "fe62f13e893c85b84a2253a6c5d3a99ecbd1848b"
            },
            "dist": {
                "type": "zip",
                "url": "https://api.github.com/repos/robvanaarle/ultimo-validation/zipball/fe62f13e893c85b84a2253a6c5d3a99ecbd1848b",
                "reference": "fe62f13e893c85b84a2253a6c5d3a99ecbd1848b",
                "shasum": ""
            },
            "suggest": {
                "robvanaarle/ultimo-translate": "Allows integration with Ultimo Translate for translation of error messages"
            },
            "type": "library",
            "autoload": {
                "psr-4": {
                    "ultimo\\": "src/ultimo/"
                }
            },
            "license": [
                "BSD-3-Clause"
            ],
            "authors": [
                {
                    "name": "Rob van Aarle"
                }
            ],
            "description": "Extensible validation library",
            "keywords": [
                "extendable",
                "validation"
            ],
            "support": {
                "source": "https://github.com/robvanaarle/ultimo-validation/tree/master",
                "issues": "https://github.com/robvanaarle/ultimo-validation/issues"
            },
            "time": "2014-02-20 16:32:42"
        },
        {
            "name": "robvanaarle/ultimo-wakeonlan",
            "version": "dev-master",
            "source": {
                "type": "git",
                "url": "https://github.com/robvanaarle/ultimo-wakeonlan.git",
                "reference": "eaa2bde0abdbfe709957af15347e70285a5cd2fc"
            },
            "dist": {
                "type": "zip",
                "url": "https://api.github.com/repos/robvanaarle/ultimo-wakeonlan/zipball/eaa2bde0abdbfe709957af15347e70285a5cd2fc",
                "reference": "eaa2bde0abdbfe709957af15347e70285a5cd2fc",
                "shasum": ""
            },
            "type": "library",
            "autoload": {
                "psr-4": {
                    "ultimo\\": "src/ultimo/"
                }
            },
            "license": [
                "BSD-3-Clause"
            ],
            "authors": [
                {
                    "name": "Rob van Aarle"
                }
            ],
            "description": "Wakeonlan broadcaster in PHP",
            "keywords": [
                "wakeonlan",
                "wol"
            ],
            "support": {
                "source": "https://github.com/robvanaarle/ultimo-wakeonlan/tree/master",
                "issues": "https://github.com/robvanaarle/ultimo-wakeonlan/issues"
            },
            "time": "2014-02-20 15:31:38"
        }
    ],
    "packages-dev": [

    ],
    "aliases": [

    ],
    "minimum-stability": "dev",
    "stability-flags": {
        "robvanaarle/ultimo-mvc": 20,
        "robvanaarle/ultimo-error": 20,
        "robvanaarle/ultimo-form-mvc": 20,
        "robvanaarle/ultimo-acl-mvc": 20,
        "robvanaarle/ultimo-config-mvc": 20,
        "robvanaarle/ultimo-locale-mvc": 20,
        "robvanaarle/ultimo-translate-mvc": 20,
        "robvanaarle/ultimo-orm-mvc": 20,
        "robvanaarle/ultimo-session-mvc": 20,
        "robvanaarle/ultimo-wakeonlan": 20
    },
    "platform": [

    ],
    "platform-dev": [

    ]
}
